// !$*UTF8*$!
{
	archiveVersion = 1;
	classes = {
	};
	objectVersion = 77;
	objects = {

/* Begin PBXContainerItemProxy section */
		25293E032E3CBD1A00F718FE /* PBXContainerItemProxy */ = {
			isa = PBXContainerItemProxy;
			containerPortal = 25293DEC2E3CBD1800F718FE /* Project object */;
			proxyType = 1;
			remoteGlobalIDString = 25293DF32E3CBD1800F718FE;
			remoteInfo = LiveSubtitles;
		};
		25293E0D2E3CBD1A00F718FE /* PBXContainerItemProxy */ = {
			isa = PBXContainerItemProxy;
			containerPortal = 25293DEC2E3CBD1800F718FE /* Project object */;
			proxyType = 1;
			remoteGlobalIDString = 25293DF32E3CBD1800F718FE;
			remoteInfo = LiveSubtitles;
		};
/* End PBXContainerItemProxy section */

/* Begin PBXFileReference section */
		25293DF42E3CBD1800F718FE /* LiveSubtitles.app */ = {isa = PBXFileReference; explicitFileType = wrapper.application; includeInIndex = 0; path = LiveSubtitles.app; sourceTree = BUILT_PRODUCTS_DIR; };
		25293E022E3CBD1A00F718FE /* LiveSubtitlesTests.xctest */ = {isa = PBXFileReference; explicitFileType = wrapper.cfbundle; includeInIndex = 0; path = LiveSubtitlesTests.xctest; sourceTree = BUILT_PRODUCTS_DIR; };
		25293E0C2E3CBD1A00F718FE /* LiveSubtitlesUITests.xctest */ = {isa = PBXFileReference; explicitFileType = wrapper.cfbundle; includeInIndex = 0; path = LiveSubtitlesUITests.xctest; sourceTree = BUILT_PRODUCTS_DIR; };
/* End PBXFileReference section */

/* Begin PBXFileSystemSynchronizedRootGroup section */
		25293DF62E3CBD1800F718FE /* LiveSubtitles */ = {
			isa = PBXFileSystemSynchronizedRootGroup;
			path = LiveSubtitles;
			sourceTree = "<group>";
		};
		25293E052E3CBD1A00F718FE /* LiveSubtitlesTests */ = {
			isa = PBXFileSystemSynchronizedRootGroup;
			path = LiveSubtitlesTests;
			sourceTree = "<group>";
		};
		25293E0F2E3CBD1A00F718FE /* LiveSubtitlesUITests */ = {
			isa = PBXFileSystemSynchronizedRootGroup;
			path = LiveSubtitlesUITests;
			sourceTree = "<group>";
		};
/* End PBXFileSystemSynchronizedRootGroup section */

/* Begin PBXFrameworksBuildPhase section */
		25293DF12E3CBD1800F718FE /* Frameworks */ = {
			isa = PBXFrameworksBuildPhase;
			buildActionMask = 2147483647;
			files = (
			);
			runOnlyForDeploymentPostprocessing = 0;
		};
		25293DFF2E3CBD1A00F718FE /* Frameworks */ = {
			isa = PBXFrameworksBuildPhase;
			buildActionMask = 2147483647;
			files = (
			);
			runOnlyForDeploymentPostprocessing = 0;
		};
		25293E092E3CBD1A00F718FE /* Frameworks */ = {
			isa = PBXFrameworksBuildPhase;
			buildActionMask = 2147483647;
			files = (
			);
			runOnlyForDeploymentPostprocessing = 0;
		};
/* End PBXFrameworksBuildPhase section */

/* Begin PBXGroup section */
		25293DEB2E3CBD1800F718FE = {
			isa = PBXGroup;
			children = (
				25293DF62E3CBD1800F718FE /* LiveSubtitles */,
				25293E052E3CBD1A00F718FE /* LiveSubtitlesTests */,
				25293E0F2E3CBD1A00F718FE /* LiveSubtitlesUITests */,
				25293DF52E3CBD1800F718FE /* Products */,
			);
			sourceTree = "<group>";
		};
		25293DF52E3CBD1800F718FE /* Products */ = {
			isa = PBXGroup;
			children = (
				25293DF42E3CBD1800F718FE /* LiveSubtitles.app */,
				25293E022E3CBD1A00F718FE /* LiveSubtitlesTests.xctest */,
				25293E0C2E3CBD1A00F718FE /* LiveSubtitlesUITests.xctest */,
			);
			name = Products;
			sourceTree = "<group>";
		};
/* End PBXGroup section */

/* Begin PBXNativeTarget section */
		25293DF32E3CBD1800F718FE /* LiveSubtitles */ = {
			isa = PBXNativeTarget;
			buildConfigurationList = 25293E162E3CBD1A00F718FE /* Build configuration list for PBXNativeTarget "LiveSubtitles" */;
			buildPhases = (
				25293DF02E3CBD1800F718FE /* Sources */,
				25293DF12E3CBD1800F718FE /* Frameworks */,
				25293DF22E3CBD1800F718FE /* Resources */,
			);
			buildRules = (
			);
			dependencies = (
			);
			fileSystemSynchronizedGroups = (
				25293DF62E3CBD1800F718FE /* LiveSubtitles */,
			);
			name = LiveSubtitles;
			packageProductDependencies = (
			);
			productName = LiveSubtitles;
			productReference = 25293DF42E3CBD1800F718FE /* LiveSubtitles.app */;
			productType = "com.apple.product-type.application";
		};
		25293E012E3CBD1A00F718FE /* LiveSubtitlesTests */ = {
			isa = PBXNativeTarget;
			buildConfigurationList = 25293E192E3CBD1A00F718FE /* Build configuration list for PBXNativeTarget "LiveSubtitlesTests" */;
			buildPhases = (
				25293DFE2E3CBD1A00F718FE /* Sources */,
				25293DFF2E3CBD1A00F718FE /* Frameworks */,
				25293E002E3CBD1A00F718FE /* Resources */,
			);
			buildRules = (
			);
			dependencies = (
				25293E042E3CBD1A00F718FE /* PBXTargetDependency */,
			);
			fileSystemSynchronizedGroups = (
				25293E052E3CBD1A00F718FE /* LiveSubtitlesTests */,
			);
			name = LiveSubtitlesTests;
			packageProductDependencies = (
			);
			productName = LiveSubtitlesTests;
			productReference = 25293E022E3CBD1A00F718FE /* LiveSubtitlesTests.xctest */;
			productType = "com.apple.product-type.bundle.unit-test";
		};
		25293E0B2E3CBD1A00F718FE /* LiveSubtitlesUITests */ = {
			isa = PBXNativeTarget;
			buildConfigurationList = 25293E1C2E3CBD1A00F718FE /* Build configuration list for PBXNativeTarget "LiveSubtitlesUITests" */;
			buildPhases = (
				25293E082E3CBD1A00F718FE /* Sources */,
				25293E092E3CBD1A00F718FE /* Frameworks */,
				25293E0A2E3CBD1A00F718FE /* Resources */,
			);
			buildRules = (
			);
			dependencies = (
				25293E0E2E3CBD1A00F718FE /* PBXTargetDependency */,
			);
			fileSystemSynchronizedGroups = (
				25293E0F2E3CBD1A00F718FE /* LiveSubtitlesUITests */,
			);
			name = LiveSubtitlesUITests;
			packageProductDependencies = (
			);
			productName = LiveSubtitlesUITests;
			productReference = 25293E0C2E3CBD1A00F718FE /* LiveSubtitlesUITests.xctest */;
			productType = "com.apple.product-type.bundle.ui-testing";
		};
/* End PBXNativeTarget section */

/* Begin PBXProject section */
		25293DEC2E3CBD1800F718FE /* Project object */ = {
			isa = PBXProject;
			attributes = {
				BuildIndependentTargetsInParallel = 1;
				LastSwiftUpdateCheck = 1640;
				LastUpgradeCheck = 1640;
				TargetAttributes = {
					25293DF32E3CBD1800F718FE = {
						CreatedOnToolsVersion = 16.4;
					};
					25293E012E3CBD1A00F718FE = {
						CreatedOnToolsVersion = 16.4;
						TestTargetID = 25293DF32E3CBD1800F718FE;
					};
					25293E0B2E3CBD1A00F718FE = {
						CreatedOnToolsVersion = 16.4;
						TestTargetID = 25293DF32E3CBD1800F718FE;
					};
				};
			};
			buildConfigurationList = 25293DEF2E3CBD1800F718FE /* Build configuration list for PBXProject "LiveSubtitles" */;
			developmentRegion = en;
			hasScannedForEncodings = 0;
			knownRegions = (
				en,
				Base,
			);
			mainGroup = 25293DEB2E3CBD1800F718FE;
			minimizedProjectReferenceProxies = 1;
			preferredProjectObjectVersion = 77;
			productRefGroup = 25293DF52E3CBD1800F718FE /* Products */;
			projectDirPath = "";
			projectRoot = "";
			targets = (
				25293DF32E3CBD1800F718FE /* LiveSubtitles */,
				25293E012E3CBD1A00F718FE /* LiveSubtitlesTests */,
				25293E0B2E3CBD1A00F718FE /* LiveSubtitlesUITests */,
			);
		};
/* End PBXProject section */

/* Begin PBXResourcesBuildPhase section */
		25293DF22E3CBD1800F718FE /* Resources */ = {
			isa = PBXResourcesBuildPhase;
			buildActionMask = 2147483647;
			files = (
			);
			runOnlyForDeploymentPostprocessing = 0;
		};
		25293E002E3CBD1A00F718FE /* Resources */ = {
			isa = PBXResourcesBuildPhase;
			buildActionMask = 2147483647;
			files = (
			);
			runOnlyForDeploymentPostprocessing = 0;
		};
		25293E0A2E3CBD1A00F718FE /* Resources */ = {
			isa = PBXResourcesBuildPhase;
			buildActionMask = 2147483647;
			files = (
			);
			runOnlyForDeploymentPostprocessing = 0;
		};
/* End PBXResourcesBuildPhase section */

/* Begin PBXSourcesBuildPhase section */
		25293DF02E3CBD1800F718FE /* Sources */ = {
			isa = PBXSourcesBuildPhase;
			buildActionMask = 2147483647;
			files = (
			);
			runOnlyForDeploymentPostprocessing = 0;
		};
		25293DFE2E3CBD1A00F718FE /* Sources */ = {
			isa = PBXSourcesBuildPhase;
			buildActionMask = 2147483647;
			files = (
			);
			runOnlyForDeploymentPostprocessing = 0;
		};
		25293E082E3CBD1A00F718FE /* Sources */ = {
			isa = PBXSourcesBuildPhase;
			buildActionMask = 2147483647;
			files = (
			);
			runOnlyForDeploymentPostprocessing = 0;
		};
/* End PBXSourcesBuildPhase section */

/* Begin PBXTargetDependency section */
		25293E042E3CBD1A00F718FE /* PBXTargetDependency */ = {
			isa = PBXTargetDependency;
			target = 25293DF32E3CBD1800F718FE /* LiveSubtitles */;
			targetProxy = 25293E032E3CBD1A00F718FE /* PBXContainerItemProxy */;
		};
		25293E0E2E3CBD1A00F718FE /* PBXTargetDependency */ = {
			isa = PBXTargetDependency;
			target = 25293DF32E3CBD1800F718FE /* LiveSubtitles */;
			targetProxy = 25293E0D2E3CBD1A00F718FE /* PBXContainerItemProxy */;
		};
/* End PBXTargetDependency section */

/* Begin XCBuildConfiguration section */
		25293E142E3CBD1A00F718FE /* Debug */ = {
			isa = XCBuildConfiguration;
			buildSettings = {
				ALWAYS_SEARCH_USER_PATHS = NO;
				ASSETCATALOG_COMPILER_GENERATE_SWIFT_ASSET_SYMBOL_EXTENSIONS = YES;
				CLANG_ANALYZER_NONNULL = YES;
				CLANG_ANALYZER_NUMBER_OBJECT_CONVERSION = YES_AGGRESSIVE;
				CLANG_CXX_LANGUAGE_STANDARD = "gnu++20";
				CLANG_ENABLE_MODULES = YES;
				CLANG_ENABLE_OBJC_ARC = YES;
				CLANG_ENABLE_OBJC_WEAK = YES;
				CLANG_WARN_BLOCK_CAPTURE_AUTORELEASING = YES;
				CLANG_WARN_BOOL_CONVERSION = YES;
				CLANG_WARN_COMMA = YES;
				CLANG_WARN_CONSTANT_CONVERSION = YES;
				CLANG_WARN_DEPRECATED_OBJC_IMPLEMENTATIONS = YES;
				CLANG_WARN_DIRECT_OBJC_ISA_USAGE = YES_ERROR;
				CLANG_WARN_DOCUMENTATION_COMMENTS = YES;
				CLANG_WARN_EMPTY_BODY = YES;
				CLANG_WARN_ENUM_CONVERSION = YES;
				CLANG_WARN_INFINITE_RECURSION = YES;
				CLANG_WARN_INT_CONVERSION = YES;
				CLANG_WARN_NON_LITERAL_NULL_CONVERSION = YES;
				CLANG_WARN_OBJC_IMPLICIT_RETAIN_SELF = YES;
				CLANG_WARN_OBJC_LITERAL_CONVERSION = YES;
				CLANG_WARN_OBJC_ROOT_CLASS = YES_ERROR;
				CLANG_WARN_QUOTED_INCLUDE_IN_FRAMEWORK_HEADER = YES;
				CLANG_WARN_RANGE_LOOP_ANALYSIS = YES;
				CLANG_WARN_STRICT_PROTOTYPES = YES;
				CLANG_WARN_SUSPICIOUS_MOVE = YES;
				CLANG_WARN_UNGUARDED_AVAILABILITY = YES_AGGRESSIVE;
				CLANG_WARN_UNREACHABLE_CODE = YES;
				CLANG_WARN__DUPLICATE_METHOD_MATCH = YES;
				COPY_PHASE_STRIP = NO;
				DEBUG_INFORMATION_FORMAT = dwarf;
				DEVELOPMENT_TEAM = D6VKV2ULHS;
				ENABLE_STRICT_OBJC_MSGSEND = YES;
				ENABLE_TESTABILITY = YES;
				ENABLE_USER_SCRIPT_SANDBOXING = YES;
				GCC_C_LANGUAGE_STANDARD = gnu17;
				GCC_DYNAMIC_NO_PIC = NO;
				GCC_NO_COMMON_BLOCKS = YES;
				GCC_OPTIMIZATION_LEVEL = 0;
				GCC_PREPROCESSOR_DEFINITIONS = (
					"DEBUG=1",
					"$(inherited)",
				);
				GCC_WARN_64_TO_32_BIT_CONVERSION = YES;
				GCC_WARN_ABOUT_RETURN_TYPE = YES_ERROR;
				GCC_WARN_UNDECLARED_SELECTOR = YES;
				GCC_WARN_UNINITIALIZED_AUTOS = YES_AGGRESSIVE;
				GCC_WARN_UNUSED_FUNCTION = YES;
				GCC_WARN_UNUSED_VARIABLE = YES;
				LOCALIZATION_PREFERS_STRING_CATALOGS = YES;
				MTL_ENABLE_DEBUG_INFO = INCLUDE_SOURCE;
				MTL_FAST_MATH = YES;
				ONLY_ACTIVE_ARCH = YES;
				SWIFT_ACTIVE_COMPILATION_CONDITIONS = "DEBUG $(inherited)";
				SWIFT_OPTIMIZATION_LEVEL = "-Onone";
			};
			name = Debug;
		};
		25293E152E3CBD1A00F718FE /* Release */ = {
			isa = XCBuildConfiguration;
			buildSettings = {
				ALWAYS_SEARCH_USER_PATHS = NO;
				ASSETCATALOG_COMPILER_GENERATE_SWIFT_ASSET_SYMBOL_EXTENSIONS = YES;
				CLANG_ANALYZER_NONNULL = YES;
				CLANG_ANALYZER_NUMBER_OBJECT_CONVERSION = YES_AGGRESSIVE;
				CLANG_CXX_LANGUAGE_STANDARD = "gnu++20";
				CLANG_ENABLE_MODULES = YES;
				CLANG_ENABLE_OBJC_ARC = YES;
				CLANG_ENABLE_OBJC_WEAK = YES;
				CLANG_WARN_BLOCK_CAPTURE_AUTORELEASING = YES;
				CLANG_WARN_BOOL_CONVERSION = YES;
				CLANG_WARN_COMMA = YES;
				CLANG_WARN_CONSTANT_CONVERSION = YES;
				CLANG_WARN_DEPRECATED_OBJC_IMPLEMENTATIONS = YES;
				CLANG_WARN_DIRECT_OBJC_ISA_USAGE = YES_ERROR;
				CLANG_WARN_DOCUMENTATION_COMMENTS = YES;
				CLANG_WARN_EMPTY_BODY = YES;
				CLANG_WARN_ENUM_CONVERSION = YES;
				CLANG_WARN_INFINITE_RECURSION = YES;
				CLANG_WARN_INT_CONVERSION = YES;
				CLANG_WARN_NON_LITERAL_NULL_CONVERSION = YES;
				CLANG_WARN_OBJC_IMPLICIT_RETAIN_SELF = YES;
				CLANG_WARN_OBJC_LITERAL_CONVERSION = YES;
				CLANG_WARN_OBJC_ROOT_CLASS = YES_ERROR;
				CLANG_WARN_QUOTED_INCLUDE_IN_FRAMEWORK_HEADER = YES;
				CLANG_WARN_RANGE_LOOP_ANALYSIS = YES;
				CLANG_WARN_STRICT_PROTOTYPES = YES;
				CLANG_WARN_SUSPICIOUS_MOVE = YES;
				CLANG_WARN_UNGUARDED_AVAILABILITY = YES_AGGRESSIVE;
				CLANG_WARN_UNREACHABLE_CODE = YES;
				CLANG_WARN__DUPLICATE_METHOD_MATCH = YES;
				COPY_PHASE_STRIP = NO;
				DEBUG_INFORMATION_FORMAT = "dwarf-with-dsym";
				DEVELOPMENT_TEAM = D6VKV2ULHS;
				ENABLE_NS_ASSERTIONS = NO;
				ENABLE_STRICT_OBJC_MSGSEND = YES;
				ENABLE_USER_SCRIPT_SANDBOXING = YES;
				GCC_C_LANGUAGE_STANDARD = gnu17;
				GCC_NO_COMMON_BLOCKS = YES;
				GCC_WARN_64_TO_32_BIT_CONVERSION = YES;
				GCC_WARN_ABOUT_RETURN_TYPE = YES_ERROR;
				GCC_WARN_UNDECLARED_SELECTOR = YES;
				GCC_WARN_UNINITIALIZED_AUTOS = YES_AGGRESSIVE;
				GCC_WARN_UNUSED_FUNCTION = YES;
				GCC_WARN_UNUSED_VARIABLE = YES;
				LOCALIZATION_PREFERS_STRING_CATALOGS = YES;
				MTL_ENABLE_DEBUG_INFO = NO;
				MTL_FAST_MATH = YES;
				SWIFT_COMPILATION_MODE = wholemodule;
			};
			name = Release;
		};
		25293E172E3CBD1A00F718FE /* Debug */ = {
			isa = XCBuildConfiguration;
			buildSettings = {
				ASSETCATALOG_COMPILER_APPICON_NAME = AppIcon;
				ASSETCATALOG_COMPILER_GLOBAL_ACCENT_COLOR_NAME = AccentColor;
				CODE_SIGN_ENTITLEMENTS = LiveSubtitles/LiveSubtitles.entitlements;
				CODE_SIGN_STYLE = Automatic;
				CURRENT_PROJECT_VERSION = 1;
				DEVELOPMENT_TEAM = D6VKV2ULHS;
				ENABLE_HARDENED_RUNTIME = YES;
				ENABLE_PREVIEWS = YES;
				GENERATE_INFOPLIST_FILE = YES;
				"INFOPLIST_KEY_UIApplicationSceneManifest_Generation[sdk=iphoneos*]" = YES;
				"INFOPLIST_KEY_UIApplicationSceneManifest_Generation[sdk=iphonesimulator*]" = YES;
				"INFOPLIST_KEY_UIApplicationSupportsIndirectInputEvents[sdk=iphoneos*]" = YES;
				"INFOPLIST_KEY_UIApplicationSupportsIndirectInputEvents[sdk=iphonesimulator*]" = YES;
				"INFOPLIST_KEY_UILaunchScreen_Generation[sdk=iphoneos*]" = YES;
				"INFOPLIST_KEY_UILaunchScreen_Generation[sdk=iphonesimulator*]" = YES;
				"INFOPLIST_KEY_UIStatusBarStyle[sdk=iphoneos*]" = UIStatusBarStyleDefault;
				"INFOPLIST_KEY_UIStatusBarStyle[sdk=iphonesimulator*]" = UIStatusBarStyleDefault;
				INFOPLIST_KEY_UISupportedInterfaceOrientations_iPad = "UIInterfaceOrientationPortrait UIInterfaceOrientationPortraitUpsideDown UIInterfaceOrientationLandscapeLeft UIInterfaceOrientationLandscapeRight";
				INFOPLIST_KEY_UISupportedInterfaceOrientations_iPhone = "UIInterfaceOrientationPortrait UIInterfaceOrientationLandscapeLeft UIInterfaceOrientationLandscapeRight";
				IPHONEOS_DEPLOYMENT_TARGET = 18.5;
				LD_RUNPATH_SEARCH_PATHS = "@executable_path/Frameworks";
				"LD_RUNPATH_SEARCH_PATHS[sdk=macosx*]" = "@executable_path/../Frameworks";
				MACOSX_DEPLOYMENT_TARGET = 15.5;
				MARKETING_VERSION = 1.0;
				PRODUCT_BUNDLE_IDENTIFIER = com.bibasx.livesubtitles.LiveSubtitles;
				PRODUCT_NAME = "$(TARGET_NAME)";
                                INFOPLIST_KEY_NSMicrophoneUsageDescription = "Microphone access is required to transcribe speech for live subtitles.";
                                INFOPLIST_KEY_NSSpeechRecognitionUsageDescription = "Speech recognition is required to transcribe audio for live subtitles.";
				REGISTER_APP_GROUPS = YES;
				SDKROOT = auto;
				SUPPORTED_PLATFORMS = "iphoneos iphonesimulator macosx xros xrsimulator";
				SWIFT_EMIT_LOC_STRINGS = YES;
				SWIFT_VERSION = 5.0;
				TARGETED_DEVICE_FAMILY = "1,2,7";
				XROS_DEPLOYMENT_TARGET = 2.5;
			};
			name = Debug;
		};
		25293E182E3CBD1A00F718FE /* Release */ = {
			isa = XCBuildConfiguration;
			buildSettings = {
				ASSETCATALOG_COMPILER_APPICON_NAME = AppIcon;
				ASSETCATALOG_COMPILER_GLOBAL_ACCENT_COLOR_NAME = AccentColor;
				CODE_SIGN_ENTITLEMENTS = LiveSubtitles/LiveSubtitles.entitlements;
				CODE_SIGN_STYLE = Automatic;
				CURRENT_PROJECT_VERSION = 1;
				DEVELOPMENT_TEAM = D6VKV2ULHS;
				ENABLE_HARDENED_RUNTIME = YES;
				ENABLE_PREVIEWS = YES;
				GENERATE_INFOPLIST_FILE = YES;
				"INFOPLIST_KEY_UIApplicationSceneManifest_Generation[sdk=iphoneos*]" = YES;
				"INFOPLIST_KEY_UIApplicationSceneManifest_Generation[sdk=iphonesimulator*]" = YES;
				"INFOPLIST_KEY_UIApplicationSupportsIndirectInputEvents[sdk=iphoneos*]" = YES;
				"INFOPLIST_KEY_UIApplicationSupportsIndirectInputEvents[sdk=iphonesimulator*]" = YES;
				"INFOPLIST_KEY_UILaunchScreen_Generation[sdk=iphoneos*]" = YES;
				"INFOPLIST_KEY_UILaunchScreen_Generation[sdk=iphonesimulator*]" = YES;
				"INFOPLIST_KEY_UIStatusBarStyle[sdk=iphoneos*]" = UIStatusBarStyleDefault;
				"INFOPLIST_KEY_UIStatusBarStyle[sdk=iphonesimulator*]" = UIStatusBarStyleDefault;
				INFOPLIST_KEY_UISupportedInterfaceOrientations_iPad = "UIInterfaceOrientationPortrait UIInterfaceOrientationPortraitUpsideDown UIInterfaceOrientationLandscapeLeft UIInterfaceOrientationLandscapeRight";
				INFOPLIST_KEY_UISupportedInterfaceOrientations_iPhone = "UIInterfaceOrientationPortrait UIInterfaceOrientationLandscapeLeft UIInterfaceOrientationLandscapeRight";
				IPHONEOS_DEPLOYMENT_TARGET = 18.5;
				LD_RUNPATH_SEARCH_PATHS = "@executable_path/Frameworks";
				"LD_RUNPATH_SEARCH_PATHS[sdk=macosx*]" = "@executable_path/../Frameworks";
				MACOSX_DEPLOYMENT_TARGET = 15.5;
				MARKETING_VERSION = 1.0;
				PRODUCT_BUNDLE_IDENTIFIER = com.bibasx.livesubtitles.LiveSubtitles;
                                PRODUCT_NAME = "$(TARGET_NAME)";
                                INFOPLIST_KEY_NSMicrophoneUsageDescription = "Microphone access is required to transcribe speech for live subtitles.";
                                INFOPLIST_KEY_NSSpeechRecognitionUsageDescription = "Speech recognition is required to transcribe audio for live subtitles.";
                                REGISTER_APP_GROUPS = YES;
				SDKROOT = auto;
				SUPPORTED_PLATFORMS = "iphoneos iphonesimulator macosx xros xrsimulator";
				SWIFT_EMIT_LOC_STRINGS = YES;
				SWIFT_VERSION = 5.0;
				TARGETED_DEVICE_FAMILY = "1,2,7";
				XROS_DEPLOYMENT_TARGET = 2.5;
			};
			name = Release;
		};
		25293E1A2E3CBD1A00F718FE /* Debug */ = {
			isa = XCBuildConfiguration;
			buildSettings = {
				BUNDLE_LOADER = "$(TEST_HOST)";
				CODE_SIGN_STYLE = Automatic;
				CURRENT_PROJECT_VERSION = 1;
				DEVELOPMENT_TEAM = D6VKV2ULHS;
				GENERATE_INFOPLIST_FILE = YES;
				IPHONEOS_DEPLOYMENT_TARGET = 18.5;
				MACOSX_DEPLOYMENT_TARGET = 15.5;
				MARKETING_VERSION = 1.0;
				PRODUCT_BUNDLE_IDENTIFIER = com.bibasx.livesubtitles.LiveSubtitlesTests;
				PRODUCT_NAME = "$(TARGET_NAME)";
				SDKROOT = auto;
				SUPPORTED_PLATFORMS = "iphoneos iphonesimulator macosx xros xrsimulator";
				SWIFT_EMIT_LOC_STRINGS = NO;
				SWIFT_VERSION = 5.0;
				TARGETED_DEVICE_FAMILY = "1,2,7";
				TEST_HOST = "$(BUILT_PRODUCTS_DIR)/LiveSubtitles.app/$(BUNDLE_EXECUTABLE_FOLDER_PATH)/LiveSubtitles";
				XROS_DEPLOYMENT_TARGET = 2.5;
			};
			name = Debug;
		};
		25293E1B2E3CBD1A00F718FE /* Release */ = {
			isa = XCBuildConfiguration;
			buildSettings = {
				BUNDLE_LOADER = "$(TEST_HOST)";
				CODE_SIGN_STYLE = Automatic;
				CURRENT_PROJECT_VERSION = 1;
				DEVELOPMENT_TEAM = D6VKV2ULHS;
				GENERATE_INFOPLIST_FILE = YES;
				IPHONEOS_DEPLOYMENT_TARGET = 18.5;
				MACOSX_DEPLOYMENT_TARGET = 15.5;
				MARKETING_VERSION = 1.0;
				PRODUCT_BUNDLE_IDENTIFIER = com.bibasx.livesubtitles.LiveSubtitlesTests;
				PRODUCT_NAME = "$(TARGET_NAME)";
				SDKROOT = auto;
				SUPPORTED_PLATFORMS = "iphoneos iphonesimulator macosx xros xrsimulator";
				SWIFT_EMIT_LOC_STRINGS = NO;
				SWIFT_VERSION = 5.0;
				TARGETED_DEVICE_FAMILY = "1,2,7";
				TEST_HOST = "$(BUILT_PRODUCTS_DIR)/LiveSubtitles.app/$(BUNDLE_EXECUTABLE_FOLDER_PATH)/LiveSubtitles";
				XROS_DEPLOYMENT_TARGET = 2.5;
			};
			name = Release;
		};
		25293E1D2E3CBD1A00F718FE /* Debug */ = {
			isa = XCBuildConfiguration;
			buildSettings = {
				CODE_SIGN_STYLE = Automatic;
				CURRENT_PROJECT_VERSION = 1;
				DEVELOPMENT_TEAM = D6VKV2ULHS;
				GENERATE_INFOPLIST_FILE = YES;
				IPHONEOS_DEPLOYMENT_TARGET = 18.5;
				MACOSX_DEPLOYMENT_TARGET = 15.5;
				MARKETING_VERSION = 1.0;
				PRODUCT_BUNDLE_IDENTIFIER = com.bibasx.livesubtitles.LiveSubtitlesUITests;
				PRODUCT_NAME = "$(TARGET_NAME)";
				SDKROOT = auto;
				SUPPORTED_PLATFORMS = "iphoneos iphonesimulator macosx xros xrsimulator";
				SWIFT_EMIT_LOC_STRINGS = NO;
				SWIFT_VERSION = 5.0;
				TARGETED_DEVICE_FAMILY = "1,2,7";
				TEST_TARGET_NAME = LiveSubtitles;
				XROS_DEPLOYMENT_TARGET = 2.5;
			};
			name = Debug;
		};
		25293E1E2E3CBD1A00F718FE /* Release */ = {
			isa = XCBuildConfiguration;
			buildSettings = {
				CODE_SIGN_STYLE = Automatic;
				CURRENT_PROJECT_VERSION = 1;
				DEVELOPMENT_TEAM = D6VKV2ULHS;
				GENERATE_INFOPLIST_FILE = YES;
				IPHONEOS_DEPLOYMENT_TARGET = 18.5;
				MACOSX_DEPLOYMENT_TARGET = 15.5;
				MARKETING_VERSION = 1.0;
				PRODUCT_BUNDLE_IDENTIFIER = com.bibasx.livesubtitles.LiveSubtitlesUITests;
				PRODUCT_NAME = "$(TARGET_NAME)";
				SDKROOT = auto;
				SUPPORTED_PLATFORMS = "iphoneos iphonesimulator macosx xros xrsimulator";
				SWIFT_EMIT_LOC_STRINGS = NO;
				SWIFT_VERSION = 5.0;
				TARGETED_DEVICE_FAMILY = "1,2,7";
				TEST_TARGET_NAME = LiveSubtitles;
				XROS_DEPLOYMENT_TARGET = 2.5;
			};
			name = Release;
		};
/* End XCBuildConfiguration section */

/* Begin XCConfigurationList section */
		25293DEF2E3CBD1800F718FE /* Build configuration list for PBXProject "LiveSubtitles" */ = {
			isa = XCConfigurationList;
			buildConfigurations = (
				25293E142E3CBD1A00F718FE /* Debug */,
				25293E152E3CBD1A00F718FE /* Release */,
			);
			defaultConfigurationIsVisible = 0;
			defaultConfigurationName = Release;
		};
		25293E162E3CBD1A00F718FE /* Build configuration list for PBXNativeTarget "LiveSubtitles" */ = {
			isa = XCConfigurationList;
			buildConfigurations = (
				25293E172E3CBD1A00F718FE /* Debug */,
				25293E182E3CBD1A00F718FE /* Release */,
			);
			defaultConfigurationIsVisible = 0;
			defaultConfigurationName = Release;
		};
		25293E192E3CBD1A00F718FE /* Build configuration list for PBXNativeTarget "LiveSubtitlesTests" */ = {
			isa = XCConfigurationList;
			buildConfigurations = (
				25293E1A2E3CBD1A00F718FE /* Debug */,
				25293E1B2E3CBD1A00F718FE /* Release */,
			);
			defaultConfigurationIsVisible = 0;
			defaultConfigurationName = Release;
		};
		25293E1C2E3CBD1A00F718FE /* Build configuration list for PBXNativeTarget "LiveSubtitlesUITests" */ = {
			isa = XCConfigurationList;
			buildConfigurations = (
				25293E1D2E3CBD1A00F718FE /* Debug */,
				25293E1E2E3CBD1A00F718FE /* Release */,
			);
			defaultConfigurationIsVisible = 0;
			defaultConfigurationName = Release;
		};
/* End XCConfigurationList section */
	};
	rootObject = 25293DEC2E3CBD1800F718FE /* Project object */;
}
